// !$*UTF8*$!
{
	archiveVersion = 1;
	classes = {
	};
	objectVersion = 50;
	objects = {

/* Begin PBXBuildFile section */
		3F7D6472246311520015041A /* AppDelegate.swift in Sources */ = {isa = PBXBuildFile; fileRef = 3F7D6471246311520015041A /* AppDelegate.swift */; };
		3F7D6474246311520015041A /* SceneDelegate.swift in Sources */ = {isa = PBXBuildFile; fileRef = 3F7D6473246311520015041A /* SceneDelegate.swift */; };
		3F7D6476246311520015041A /* ViewController.swift in Sources */ = {isa = PBXBuildFile; fileRef = 3F7D6475246311520015041A /* ViewController.swift */; };
		3F7D6479246311520015041A /* Main.storyboard in Resources */ = {isa = PBXBuildFile; fileRef = 3F7D6477246311520015041A /* Main.storyboard */; };
		3F7D647B246311530015041A /* Assets.xcassets in Resources */ = {isa = PBXBuildFile; fileRef = 3F7D647A246311530015041A /* Assets.xcassets */; };
		3F7D647E246311530015041A /* LaunchScreen.storyboard in Resources */ = {isa = PBXBuildFile; fileRef = 3F7D647C246311530015041A /* LaunchScreen.storyboard */; };
		3F7D648624631FA20015041A /* StartViewController.swift in Sources */ = {isa = PBXBuildFile; fileRef = 3F7D648524631FA20015041A /* StartViewController.swift */; };
		3F7D648A246325ED0015041A /* Enemy.swift in Sources */ = {isa = PBXBuildFile; fileRef = 3F7D6489246325ED0015041A /* Enemy.swift */; };
/* End PBXBuildFile section */

/* Begin PBXFileReference section */
		3F7D646E246311520015041A /* heh-invaders.app */ = {isa = PBXFileReference; explicitFileType = wrapper.application; includeInIndex = 0; path = "heh-invaders.app"; sourceTree = BUILT_PRODUCTS_DIR; };
		3F7D6471246311520015041A /* AppDelegate.swift */ = {isa = PBXFileReference; lastKnownFileType = sourcecode.swift; path = AppDelegate.swift; sourceTree = "<group>"; };
		3F7D6473246311520015041A /* SceneDelegate.swift */ = {isa = PBXFileReference; lastKnownFileType = sourcecode.swift; path = SceneDelegate.swift; sourceTree = "<group>"; };
		3F7D6475246311520015041A /* ViewController.swift */ = {isa = PBXFileReference; lastKnownFileType = sourcecode.swift; path = ViewController.swift; sourceTree = "<group>"; };
		3F7D6478246311520015041A /* Base */ = {isa = PBXFileReference; lastKnownFileType = file.storyboard; name = Base; path = Base.lproj/Main.storyboard; sourceTree = "<group>"; };
		3F7D647A246311530015041A /* Assets.xcassets */ = {isa = PBXFileReference; lastKnownFileType = folder.assetcatalog; path = Assets.xcassets; sourceTree = "<group>"; };
		3F7D647D246311530015041A /* Base */ = {isa = PBXFileReference; lastKnownFileType = file.storyboard; name = Base; path = Base.lproj/LaunchScreen.storyboard; sourceTree = "<group>"; };
		3F7D647F246311530015041A /* Info.plist */ = {isa = PBXFileReference; lastKnownFileType = text.plist.xml; path = Info.plist; sourceTree = "<group>"; };
		3F7D648524631FA20015041A /* StartViewController.swift */ = {isa = PBXFileReference; lastKnownFileType = sourcecode.swift; path = StartViewController.swift; sourceTree = "<group>"; };
		3F7D6489246325ED0015041A /* Enemy.swift */ = {isa = PBXFileReference; lastKnownFileType = sourcecode.swift; path = Enemy.swift; sourceTree = "<group>"; };
/* End PBXFileReference section */

/* Begin PBXFrameworksBuildPhase section */
		3F7D646B246311520015041A /* Frameworks */ = {
			isa = PBXFrameworksBuildPhase;
			buildActionMask = 2147483647;
			files = (
			);
			runOnlyForDeploymentPostprocessing = 0;
		};
/* End PBXFrameworksBuildPhase section */

/* Begin PBXGroup section */
		3F7D6465246311510015041A = {
			isa = PBXGroup;
			children = (
				3F7D6470246311520015041A /* heh-invaders */,
				3F7D646F246311520015041A /* Products */,
			);
			sourceTree = "<group>";
		};
		3F7D646F246311520015041A /* Products */ = {
			isa = PBXGroup;
			children = (
				3F7D646E246311520015041A /* heh-invaders.app */,
			);
			name = Products;
			sourceTree = "<group>";
		};
		3F7D6470246311520015041A /* heh-invaders */ = {
			isa = PBXGroup;
			children = (
				3F7D6471246311520015041A /* AppDelegate.swift */,
				3F7D6473246311520015041A /* SceneDelegate.swift */,
				3F7D6475246311520015041A /* ViewController.swift */,
				3F7D6477246311520015041A /* Main.storyboard */,
				3F7D647A246311530015041A /* Assets.xcassets */,
				3F7D647C246311530015041A /* LaunchScreen.storyboard */,
				3F7D647F246311530015041A /* Info.plist */,
				3F7D648524631FA20015041A /* StartViewController.swift */,
				3F7D6489246325ED0015041A /* Enemy.swift */,
			);
			path = "heh-invaders";
			sourceTree = "<group>";
		};
/* End PBXGroup section */

/* Begin PBXNativeTarget section */
		3F7D646D246311520015041A /* heh-invaders */ = {
			isa = PBXNativeTarget;
			buildConfigurationList = 3F7D6482246311530015041A /* Build configuration list for PBXNativeTarget "heh-invaders" */;
			buildPhases = (
				3F7D646A246311520015041A /* Sources */,
				3F7D646B246311520015041A /* Frameworks */,
				3F7D646C246311520015041A /* Resources */,
			);
			buildRules = (
			);
			dependencies = (
			);
			name = "heh-invaders";
			productName = "heh-invaders";
			productReference = 3F7D646E246311520015041A /* heh-invaders.app */;
			productType = "com.apple.product-type.application";
		};
/* End PBXNativeTarget section */

/* Begin PBXProject section */
		3F7D6466246311510015041A /* Project object */ = {
			isa = PBXProject;
			attributes = {
				LastSwiftUpdateCheck = 1130;
				LastUpgradeCheck = 1130;
				ORGANIZATIONNAME = student;
				TargetAttributes = {
					3F7D646D246311520015041A = {
						CreatedOnToolsVersion = 11.3.1;
					};
				};
			};
			buildConfigurationList = 3F7D6469246311510015041A /* Build configuration list for PBXProject "heh-invaders" */;
			compatibilityVersion = "Xcode 9.3";
			developmentRegion = en;
			hasScannedForEncodings = 0;
			knownRegions = (
				en,
				Base,
			);
			mainGroup = 3F7D6465246311510015041A;
			productRefGroup = 3F7D646F246311520015041A /* Products */;
			projectDirPath = "";
			projectRoot = "";
			targets = (
				3F7D646D246311520015041A /* heh-invaders */,
			);
		};
/* End PBXProject section */

/* Begin PBXResourcesBuildPhase section */
		3F7D646C246311520015041A /* Resources */ = {
			isa = PBXResourcesBuildPhase;
			buildActionMask = 2147483647;
			files = (
				3F7D647E246311530015041A /* LaunchScreen.storyboard in Resources */,
				3F7D647B246311530015041A /* Assets.xcassets in Resources */,
				3F7D6479246311520015041A /* Main.storyboard in Resources */,
			);
			runOnlyForDeploymentPostprocessing = 0;
		};
/* End PBXResourcesBuildPhase section */

/* Begin PBXSourcesBuildPhase section */
		3F7D646A246311520015041A /* Sources */ = {
			isa = PBXSourcesBuildPhase;
			buildActionMask = 2147483647;
			files = (
				3F7D6476246311520015041A /* ViewController.swift in Sources */,
				3F7D648A246325ED0015041A /* Enemy.swift in Sources */,
				3F7D648624631FA20015041A /* StartViewController.swift in Sources */,
				3F7D6472246311520015041A /* AppDelegate.swift in Sources */,
				3F7D6474246311520015041A /* SceneDelegate.swift in Sources */,
			);
			runOnlyForDeploymentPostprocessing = 0;
		};
/* End PBXSourcesBuildPhase section */

/* Begin PBXVariantGroup section */
		3F7D6477246311520015041A /* Main.storyboard */ = {
			isa = PBXVariantGroup;
			children = (
				3F7D6478246311520015041A /* Base */,
			);
			name = Main.storyboard;
			sourceTree = "<group>";
		};
		3F7D647C246311530015041A /* LaunchScreen.storyboard */ = {
			isa = PBXVariantGroup;
			children = (
				3F7D647D246311530015041A /* Base */,
			);
			name = LaunchScreen.storyboard;
			sourceTree = "<group>";
		};
/* End PBXVariantGroup section */

/* Begin XCBuildConfiguration section */
		3F7D6480246311530015041A /* Debug */ = {
			isa = XCBuildConfiguration;
			buildSettings = {
				ALWAYS_SEARCH_USER_PATHS = NO;
				CLANG_ANALYZER_NONNULL = YES;
				CLANG_ANALYZER_NUMBER_OBJECT_CONVERSION = YES_AGGRESSIVE;
				CLANG_CXX_LANGUAGE_STANDARD = "gnu++14";
				CLANG_CXX_LIBRARY = "libc++";
				CLANG_ENABLE_MODULES = YES;
				CLANG_ENABLE_OBJC_ARC = YES;
				CLANG_ENABLE_OBJC_WEAK = YES;
				CLANG_WARN_BLOCK_CAPTURE_AUTORELEASING = YES;
				CLANG_WARN_BOOL_CONVERSION = YES;
				CLANG_WARN_COMMA = YES;
				CLANG_WARN_CONSTANT_CONVERSION = YES;
				CLANG_WARN_DEPRECATED_OBJC_IMPLEMENTATIONS = YES;
				CLANG_WARN_DIRECT_OBJC_ISA_USAGE = YES_ERROR;
				CLANG_WARN_DOCUMENTATION_COMMENTS = YES;
				CLANG_WARN_EMPTY_BODY = YES;
				CLANG_WARN_ENUM_CONVERSION = YES;
				CLANG_WARN_INFINITE_RECURSION = YES;
				CLANG_WARN_INT_CONVERSION = YES;
				CLANG_WARN_NON_LITERAL_NULL_CONVERSION = YES;
				CLANG_WARN_OBJC_IMPLICIT_RETAIN_SELF = YES;
				CLANG_WARN_OBJC_LITERAL_CONVERSION = YES;
				CLANG_WARN_OBJC_ROOT_CLASS = YES_ERROR;
				CLANG_WARN_RANGE_LOOP_ANALYSIS = YES;
				CLANG_WARN_STRICT_PROTOTYPES = YES;
				CLANG_WARN_SUSPICIOUS_MOVE = YES;
				CLANG_WARN_UNGUARDED_AVAILABILITY = YES_AGGRESSIVE;
				CLANG_WARN_UNREACHABLE_CODE = YES;
				CLANG_WARN__DUPLICATE_METHOD_MATCH = YES;
				COPY_PHASE_STRIP = NO;
				DEBUG_INFORMATION_FORMAT = dwarf;
				ENABLE_STRICT_OBJC_MSGSEND = YES;
				ENABLE_TESTABILITY = YES;
				GCC_C_LANGUAGE_STANDARD = gnu11;
				GCC_DYNAMIC_NO_PIC = NO;
				GCC_NO_COMMON_BLOCKS = YES;
				GCC_OPTIMIZATION_LEVEL = 0;
				GCC_PREPROCESSOR_DEFINITIONS = (
					"DEBUG=1",
					"$(inherited)",
				);
				GCC_WARN_64_TO_32_BIT_CONVERSION = YES;
				GCC_WARN_ABOUT_RETURN_TYPE = YES_ERROR;
				GCC_WARN_UNDECLARED_SELECTOR = YES;
				GCC_WARN_UNINITIALIZED_AUTOS = YES_AGGRESSIVE;
				GCC_WARN_UNUSED_FUNCTION = YES;
				GCC_WARN_UNUSED_VARIABLE = YES;
				IPHONEOS_DEPLOYMENT_TARGET = 13.2;
				MTL_ENABLE_DEBUG_INFO = INCLUDE_SOURCE;
				MTL_FAST_MATH = YES;
				ONLY_ACTIVE_ARCH = YES;
				SDKROOT = iphoneos;
				SWIFT_ACTIVE_COMPILATION_CONDITIONS = DEBUG;
				SWIFT_OPTIMIZATION_LEVEL = "-Onone";
			};
			name = Debug;
		};
		3F7D6481246311530015041A /* Release */ = {
			isa = XCBuildConfiguration;
			buildSettings = {
				ALWAYS_SEARCH_USER_PATHS = NO;
				CLANG_ANALYZER_NONNULL = YES;
				CLANG_ANALYZER_NUMBER_OBJECT_CONVERSION = YES_AGGRESSIVE;
				CLANG_CXX_LANGUAGE_STANDARD = "gnu++14";
				CLANG_CXX_LIBRARY = "libc++";
				CLANG_ENABLE_MODULES = YES;
				CLANG_ENABLE_OBJC_ARC = YES;
				CLANG_ENABLE_OBJC_WEAK = YES;
				CLANG_WARN_BLOCK_CAPTURE_AUTORELEASING = YES;
				CLANG_WARN_BOOL_CONVERSION = YES;
				CLANG_WARN_COMMA = YES;
				CLANG_WARN_CONSTANT_CONVERSION = YES;
				CLANG_WARN_DEPRECATED_OBJC_IMPLEMENTATIONS = YES;
				CLANG_WARN_DIRECT_OBJC_ISA_USAGE = YES_ERROR;
				CLANG_WARN_DOCUMENTATION_COMMENTS = YES;
				CLANG_WARN_EMPTY_BODY = YES;
				CLANG_WARN_ENUM_CONVERSION = YES;
				CLANG_WARN_INFINITE_RECURSION = YES;
				CLANG_WARN_INT_CONVERSION = YES;
				CLANG_WARN_NON_LITERAL_NULL_CONVERSION = YES;
				CLANG_WARN_OBJC_IMPLICIT_RETAIN_SELF = YES;
				CLANG_WARN_OBJC_LITERAL_CONVERSION = YES;
				CLANG_WARN_OBJC_ROOT_CLASS = YES_ERROR;
				CLANG_WARN_RANGE_LOOP_ANALYSIS = YES;
				CLANG_WARN_STRICT_PROTOTYPES = YES;
				CLANG_WARN_SUSPICIOUS_MOVE = YES;
				CLANG_WARN_UNGUARDED_AVAILABILITY = YES_AGGRESSIVE;
				CLANG_WARN_UNREACHABLE_CODE = YES;
				CLANG_WARN__DUPLICATE_METHOD_MATCH = YES;
				COPY_PHASE_STRIP = NO;
				DEBUG_INFORMATION_FORMAT = "dwarf-with-dsym";
				ENABLE_NS_ASSERTIONS = NO;
				ENABLE_STRICT_OBJC_MSGSEND = YES;
				GCC_C_LANGUAGE_STANDARD = gnu11;
				GCC_NO_COMMON_BLOCKS = YES;
				GCC_WARN_64_TO_32_BIT_CONVERSION = YES;
				GCC_WARN_ABOUT_RETURN_TYPE = YES_ERROR;
				GCC_WARN_UNDECLARED_SELECTOR = YES;
				GCC_WARN_UNINITIALIZED_AUTOS = YES_AGGRESSIVE;
				GCC_WARN_UNUSED_FUNCTION = YES;
				GCC_WARN_UNUSED_VARIABLE = YES;
				IPHONEOS_DEPLOYMENT_TARGET = 13.2;
				MTL_ENABLE_DEBUG_INFO = NO;
				MTL_FAST_MATH = YES;
				SDKROOT = iphoneos;
				SWIFT_COMPILATION_MODE = wholemodule;
				SWIFT_OPTIMIZATION_LEVEL = "-O";
				VALIDATE_PRODUCT = YES;
			};
			name = Release;
		};
		3F7D6483246311530015041A /* Debug */ = {
			isa = XCBuildConfiguration;
			buildSettings = {
				ASSETCATALOG_COMPILER_APPICON_NAME = AppIcon;
				CODE_SIGN_STYLE = Automatic;
				INFOPLIST_FILE = "heh-invaders/Info.plist";
				LD_RUNPATH_SEARCH_PATHS = (
					"$(inherited)",
					"@executable_path/Frameworks",
				);
				PRODUCT_BUNDLE_IDENTIFIER = "tsu.heh-invaders";
				PRODUCT_NAME = "$(TARGET_NAME)";
				SWIFT_VERSION = 5.0;
				TARGETED_DEVICE_FAMILY = "1,2";
			};
			name = Debug;
		};
		3F7D6484246311530015041A /* Release */ = {
			isa = XCBuildConfiguration;
			buildSettings = {
				ASSETCATALOG_COMPILER_APPICON_NAME = AppIcon;
				CODE_SIGN_STYLE = Automatic;
				INFOPLIST_FILE = "heh-invaders/Info.plist";
				LD_RUNPATH_SEARCH_PATHS = (
					"$(inherited)",
					"@executable_path/Frameworks",
				);
				PRODUCT_BUNDLE_IDENTIFIER = "tsu.heh-invaders";
				PRODUCT_NAME = "$(TARGET_NAME)";
				SWIFT_VERSION = 5.0;
				TARGETED_DEVICE_FAMILY = "1,2";
			};
			name = Release;
		};
/* End XCBuildConfiguration section */

/* Begin XCConfigurationList section */
		3F7D6469246311510015041A /* Build configuration list for PBXProject "heh-invaders" */ = {
			isa = XCConfigurationList;
			buildConfigurations = (
				3F7D6480246311530015041A /* Debug */,
				3F7D6481246311530015041A /* Release */,
			);
			defaultConfigurationIsVisible = 0;
			defaultConfigurationName = Release;
		};
		3F7D6482246311530015041A /* Build configuration list for PBXNativeTarget "heh-invaders" */ = {
			isa = XCConfigurationList;
			buildConfigurations = (
				3F7D6483246311530015041A /* Debug */,
				3F7D6484246311530015041A /* Release */,
			);
			defaultConfigurationIsVisible = 0;
			defaultConfigurationName = Release;
		};
/* End XCConfigurationList section */
	};
	rootObject = 3F7D6466246311510015041A /* Project object */;
}
